
Microsoft Visual Studio Solution File, Format Version 12.00
# Visual Studio Version 16
VisualStudioVersion = 16.0.30907.101
MinimumVisualStudioVersion = 10.0.40219.1
Project("{FAE04EC0-301F-11D3-BF4B-00C04F79EFBC}") = "Assignment1", "Assignment1.csproj", "{F4F3E21F-22B2-4312-B35B-444FC8CB4B8F}"
EndProject
Global
	GlobalSection(SolutionConfigurationPlatforms) = preSolution
		Debug|Any CPU = Debug|Any CPU
		Release|Any CPU = Release|Any CPU
	EndGlobalSection
	GlobalSection(ProjectConfigurationPlatforms) = postSolution
		{F4F3E21F-22B2-4312-B35B-444FC8CB4B8F}.Debug|Any CPU.ActiveCfg = Debug|Any CPU
		{F4F3E21F-22B2-4312-B35B-444FC8CB4B8F}.Debug|Any CPU.Build.0 = Debug|Any CPU
		{F4F3E21F-22B2-4312-B35B-444FC8CB4B8F}.Release|Any CPU.ActiveCfg = Release|Any CPU
		{F4F3E21F-22B2-4312-B35B-444FC8CB4B8F}.Release|Any CPU.Build.0 = Release|Any CPU
	EndGlobalSection
	GlobalSection(SolutionProperties) = preSolution
		HideSolutionNode = FALSE
	EndGlobalSection
	GlobalSection(ExtensibilityGlobals) = postSolution
		SolutionGuid = {CD0BA50E-60DE-4674-97F7-18F83D02F82D}
	EndGlobalSection
EndGlobal
